<?xml version="1.0" encoding="utf-8"?>
<Project ToolsVersion="4.0" xmlns="http://schemas.microsoft.com/developer/msbuild/2003">
  <ItemGroup>
    <Filter Include="Source Files">
      <UniqueIdentifier>{4FC737F1-C7A5-4376-A066-2A32D752A2FF}</UniqueIdentifier>
      <Extensions>cpp;c;cc;cxx;def;odl;idl;hpj;bat;asm;asmx</Extensions>
    </Filter>
    <Filter Include="Header Files">
      <UniqueIdentifier>{93995380-89BD-4b04-88EB-625FBE52EBFB}</UniqueIdentifier>
      <Extensions>h;hh;hpp;hxx;hm;inl;inc;ipp;xsd</Extensions>
    </Filter>
    <Filter Include="Resource Files">
      <UniqueIdentifier>{67DA6AB6-F800-4c08-8B7A-83BB121AAD01}</UniqueIdentifier>
      <Extensions>rc;ico;cur;bmp;dlg;rc2;rct;bin;rgs;gif;jpg;jpeg;jpe;resx;tiff;tif;png;wav;mfcribbon-ms</Extensions>
    </Filter>
  </ItemGroup>
  <ItemGroup>
    <ClInclude Include="targetver.h">
      <Filter>Header Files</Filter>
    </ClInclude>
    <ClInclude Include="Resource.h">
      <Filter>Header Files</Filter>
    </ClInclude>
    <ClInclude Include="ProcoanProcessDiscovery.h">
      <Filter>Header Files</Filter>
    </ClInclude>
    <ClInclude Include="PecanMainFrame.h">
      <Filter>Header Files</Filter>
    </ClInclude>
    <ClInclude Include="RecorderStartDlg.h">
      <Filter>Header Files</Filter>
    </ClInclude>
    <ClInclude Include="VideoEditorScreen.h">
      <Filter>Header Files</Filter>
    </ClInclude>
    <ClInclude Include="RecorderUI.h">
      <Filter>Header Files</Filter>
    </ClInclude>
    <ClInclude Include="wxImagePanel.h">
      <Filter>Header Files</Filter>
    </ClInclude>
    <ClInclude Include="ProcoanButton.h">
      <Filter>Header Files</Filter>
    </ClInclude>
    <ClInclude Include="SpyEditorScreen.h">
      <Filter>Header Files</Filter>
    </ClInclude>
    <ClInclude Include="MainButtons.h">
      <Filter>Header Files</Filter>
    </ClInclude>
    <ClInclude Include="MainWindowPanel.h">
      <Filter>Header Files</Filter>
    </ClInclude>
    <ClInclude Include="CustomEvents.h">
      <Filter>Header Files</Filter>
    </ClInclude>
    <ClInclude Include="UIUtility.h">
      <Filter>Header Files</Filter>
    </ClInclude>
    <ClInclude Include="RecorderTitleBarPanel.h">
      <Filter>Header Files</Filter>
    </ClInclude>
    <ClInclude Include="recorderButtons.h">
      <Filter>Header Files</Filter>
    </ClInclude>
    <ClInclude Include="RecorderInfoBarPanel.h">
      <Filter>Header Files</Filter>
    </ClInclude>
    <ClInclude Include="RecorderDisplayPanel.h">
      <Filter>Header Files</Filter>
    </ClInclude>
    <ClInclude Include="RecorderButtonBar.h">
      <Filter>Header Files</Filter>
    </ClInclude>
    <ClInclude Include="RecorderMinimizePanel.h">
      <Filter>Header Files</Filter>
    </ClInclude>
    <ClInclude Include="LEDDisplayPanel.h">
      <Filter>Header Files</Filter>
    </ClInclude>
    <ClInclude Include="AudioGauge.h">
      <Filter>Header Files</Filter>
    </ClInclude>
    <ClInclude Include="ConfigClass.h">
      <Filter>Header Files</Filter>
    </ClInclude>
    <ClInclude Include="DataFile.h">
      <Filter>Header Files</Filter>
    </ClInclude>
    <ClInclude Include="EventRecorder.h">
      <Filter>Header Files</Filter>
    </ClInclude>
    <ClInclude Include="ExecutionManager.h">
      <Filter>Header Files</Filter>
    </ClInclude>
    <ClInclude Include="json11.hpp">
      <Filter>Header Files</Filter>
    </ClInclude>
    <ClInclude Include="PecanSemaphore.h">
      <Filter>Header Files</Filter>
    </ClInclude>
    <ClInclude Include="pugiconfig.hpp">
      <Filter>Header Files</Filter>
    </ClInclude>
    <ClInclude Include="pugixml.hpp">
      <Filter>Header Files</Filter>
    </ClInclude>
    <ClInclude Include="RecordBufferManager.h">
      <Filter>Header Files</Filter>
    </ClInclude>
    <ClInclude Include="RecorderDataFileManager.h">
      <Filter>Header Files</Filter>
    </ClInclude>
    <ClInclude Include="RecorderWindow.h">
      <Filter>Header Files</Filter>
    </ClInclude>
    <ClInclude Include="ScreenRecorder.h">
      <Filter>Header Files</Filter>
    </ClInclude>
    <ClInclude Include="Utility.h">
      <Filter>Header Files</Filter>
    </ClInclude>
    <ClInclude Include="WavDeviceList.h">
      <Filter>Header Files</Filter>
    </ClInclude>
    <ClInclude Include="WaveRecorder.h">
      <Filter>Header Files</Filter>
    </ClInclude>
    <ClInclude Include="MMHeader.h">
      <Filter>Header Files</Filter>
    </ClInclude>
    <ClInclude Include="RecStatusPanel.h">
      <Filter>Header Files</Filter>
    </ClInclude>
    <ClInclude Include="EditorButtons.h">
      <Filter>Header Files</Filter>
    </ClInclude>
    <ClInclude Include="SliderPanel.h">
      <Filter>Header Files</Filter>
    </ClInclude>
    <ClInclude Include="PicControlPanel.h">
      <Filter>Header Files</Filter>
    </ClInclude>
    <ClInclude Include="PicButtonControlPanel.h">
      <Filter>Header Files</Filter>
    </ClInclude>
    <ClInclude Include="PlayerDataFileManager.h">
      <Filter>Header Files</Filter>
    </ClInclude>
    <ClInclude Include="ChannelDataMapping.h">
      <Filter>Header Files</Filter>
    </ClInclude>
    <ClInclude Include="BitmapMerge.h">
      <Filter>Header Files</Filter>
    </ClInclude>
    <ClInclude Include="FileContext.h">
      <Filter>Header Files</Filter>
    </ClInclude>
    <ClInclude Include="ResizeBitmap.h">
      <Filter>Header Files</Filter>
    </ClInclude>
    <ClInclude Include="AudioPlayerBuffer.h">
      <Filter>Header Files</Filter>
    </ClInclude>
    <ClInclude Include="BPMNDecision.h">
      <Filter>Header Files</Filter>
    </ClInclude>
    <ClInclude Include="BPMNDiagram.h">
      <Filter>Header Files</Filter>
    </ClInclude>
    <ClInclude Include="BPMNElement.h">
      <Filter>Header Files</Filter>
    </ClInclude>
    <ClInclude Include="BPMNFacade.h">
      <Filter>Header Files</Filter>
    </ClInclude>
    <ClInclude Include="BPMNStart.h">
      <Filter>Header Files</Filter>
    </ClInclude>
    <ClInclude Include="BPMNStop.h">
      <Filter>Header Files</Filter>
    </ClInclude>
    <ClInclude Include="BPMNSubProcess.h">
      <Filter>Header Files</Filter>
    </ClInclude>
    <ClInclude Include="BPMNTask.h">
      <Filter>Header Files</Filter>
    </ClInclude>
    <ClInclude Include="AnnotationRuleDefinitions.h">
      <Filter>Header Files</Filter>
    </ClInclude>
    <ClInclude Include="Parser.h">
      <Filter>Header Files</Filter>
    </ClInclude>
    <ClInclude Include="Expression.h">
      <Filter>Header Files</Filter>
    </ClInclude>
    <ClInclude Include="Tokenizer.h">
      <Filter>Header Files</Filter>
    </ClInclude>
    <ClInclude Include="WavePlayer.h">
      <Filter>Header Files</Filter>
    </ClInclude>
    <ClInclude Include="IPlayerWindow.h">
      <Filter>Header Files</Filter>
    </ClInclude>
    <ClInclude Include="BPMNControlPanel.h">
      <Filter>Header Files</Filter>
    </ClInclude>
    <ClInclude Include="IBPMNControl.h">
      <Filter>Header Files</Filter>
    </ClInclude>
    <ClInclude Include="PictureDisplay.h">
      <Filter>Header Files</Filter>
    </ClInclude>
    <ClInclude Include="HorizScrollBarPanel.h">
      <Filter>Header Files</Filter>
    </ClInclude>
    <ClInclude Include="VertScrollBarPanel.h">
      <Filter>Header Files</Filter>
    </ClInclude>
    <ClInclude Include="BPMNDrawPanel.h">
      <Filter>Header Files</Filter>
    </ClInclude>
    <ClInclude Include="VideoSegmentClass.h">
      <Filter>Header Files</Filter>
    </ClInclude>
    <ClInclude Include="TimeDisplay.h">
      <Filter>Header Files</Filter>
    </ClInclude>
    <ClInclude Include="ActionTabPanel.h">
      <Filter>Header Files</Filter>
    </ClInclude>
    <ClInclude Include="SPDLogFile.h">
      <Filter>Header Files</Filter>
    </ClInclude>
    <ClInclude Include="MainToolBarPanel.h">
      <Filter>Header Files</Filter>
    </ClInclude>
    <ClInclude Include="ToolbarButtons.h">
      <Filter>Header Files</Filter>
    </ClInclude>
    <ClInclude Include="KeyState.h">
      <Filter>Header Files</Filter>
    </ClInclude>
    <ClInclude Include="WordReport\AppProps.h">
      <Filter>Header Files</Filter>
    </ClInclude>
    <ClInclude Include="WordReport\CoreProps.h">
      <Filter>Header Files</Filter>
    </ClInclude>
    <ClInclude Include="WordReport\DocumentBody.h">
      <Filter>Header Files</Filter>
    </ClInclude>
    <ClInclude Include="WordReport\DocXDocPart.h">
      <Filter>Header Files</Filter>
    </ClInclude>
    <ClInclude Include="WordReport\DocXTag.h">
      <Filter>Header Files</Filter>
    </ClInclude>
    <ClInclude Include="WordReport\DocXTagAttributes.h">
      <Filter>Header Files</Filter>
    </ClInclude>
    <ClInclude Include="WordReport\DrawingAnchor.h">
      <Filter>Header Files</Filter>
    </ClInclude>
    <ClInclude Include="WordReport\DrawingInline.h">
      <Filter>Header Files</Filter>
    </ClInclude>
    <ClInclude Include="WordReport\EndnotesDocument.h">
      <Filter>Header Files</Filter>
    </ClInclude>
    <ClInclude Include="WordReport\Font.h">
      <Filter>Header Files</Filter>
    </ClInclude>
    <ClInclude Include="WordReport\FontTableDoc.h">
      <Filter>Header Files</Filter>
    </ClInclude>
    <ClInclude Include="WordReport\Footer.h">
      <Filter>Header Files</Filter>
    </ClInclude>
    <ClInclude Include="WordReport\FootnotesDocument.h">
      <Filter>Header Files</Filter>
    </ClInclude>
    <ClInclude Include="WordReport\Header.h">
      <Filter>Header Files</Filter>
    </ClInclude>
    <ClInclude Include="WordReport\lodepng.h">
      <Filter>Header Files</Filter>
    </ClInclude>
    <ClInclude Include="WordReport\lodepng_util.h">
      <Filter>Header Files</Filter>
    </ClInclude>
    <ClInclude Include="WordReport\miniz.h">
      <Filter>Header Files</Filter>
    </ClInclude>
    <ClInclude Include="WordReport\Numbering.h">
      <Filter>Header Files</Filter>
    </ClInclude>
    <ClInclude Include="WordReport\Paragraph.h">
      <Filter>Header Files</Filter>
    </ClInclude>
    <ClInclude Include="WordReport\ParagraphRun.h">
      <Filter>Header Files</Filter>
    </ClInclude>
    <ClInclude Include="WordReport\PropertyStructures.h">
      <Filter>Header Files</Filter>
    </ClInclude>
    <ClInclude Include="WordReport\Settings.h">
      <Filter>Header Files</Filter>
    </ClInclude>
    <ClInclude Include="WordReport\SOPWordReport.h">
      <Filter>Header Files</Filter>
    </ClInclude>
    <ClInclude Include="WordReport\StyleDocument.h">
      <Filter>Header Files</Filter>
    </ClInclude>
    <ClInclude Include="WordReport\Table.h">
      <Filter>Header Files</Filter>
    </ClInclude>
    <ClInclude Include="WordReport\TableCell.h">
      <Filter>Header Files</Filter>
    </ClInclude>
    <ClInclude Include="WordReport\TableRow.h">
      <Filter>Header Files</Filter>
    </ClInclude>
    <ClInclude Include="WordReport\Theme1.h">
      <Filter>Header Files</Filter>
    </ClInclude>
    <ClInclude Include="WordReport\TOCsdt.h">
      <Filter>Header Files</Filter>
    </ClInclude>
    <ClInclude Include="WordReport\WebSettings.h">
      <Filter>Header Files</Filter>
    </ClInclude>
    <ClInclude Include="WordReport\WordDocument.h">
      <Filter>Header Files</Filter>
    </ClInclude>
    <ClInclude Include="WordReport\zip.h">
      <Filter>Header Files</Filter>
    </ClInclude>
    <ClInclude Include="ProcessDescriptionDialog.h">
      <Filter>Header Files</Filter>
    </ClInclude>
    <ClInclude Include="ProcessSummaryPanel.h">
      <Filter>Header Files</Filter>
    </ClInclude>
    <ClInclude Include="LicenseDlg.h">
      <Filter>Header Files</Filter>
    </ClInclude>
    <ClInclude Include="licenceUtil.h">
      <Filter>Header Files</Filter>
    </ClInclude>
    <ClInclude Include="encrypt.h">
      <Filter>Header Files</Filter>
    </ClInclude>
    <ClInclude Include="vigenere.h">
      <Filter>Header Files</Filter>
    </ClInclude>
    <ClInclude Include="b64.h">
      <Filter>Header Files</Filter>
    </ClInclude>
    <ClInclude Include="lz4.h">
      <Filter>Header Files</Filter>
    </ClInclude>
    <ClInclude Include="SPYEditorEnum.h">
      <Filter>Header Files</Filter>
    </ClInclude>
    <ClInclude Include="InfoTabPanel.h">
      <Filter>Header Files</Filter>
    </ClInclude>
    <ClInclude Include="SpyHeader.h">
      <Filter>Header Files</Filter>
    </ClInclude>
    <ClInclude Include="SPYDataFacade.h">
      <Filter>Header Files</Filter>
    </ClInclude>
    <ClInclude Include="SpyProcessData.h">
      <Filter>Header Files</Filter>
    </ClInclude>
    <ClInclude Include="SpyWindowData.h">
      <Filter>Header Files</Filter>
    </ClInclude>
    <ClInclude Include="ProcessWindowData.h">
      <Filter>Header Files</Filter>
    </ClInclude>
    <ClInclude Include="LineConnectionInfo.h">
      <Filter>Header Files</Filter>
    </ClInclude>
    <ClInclude Include="SpyControlData.h">
      <Filter>Header Files</Filter>
    </ClInclude>
    <ClInclude Include="SpyControlProxy.h">
      <Filter>Header Files</Filter>
    </ClInclude>
    <ClInclude Include="WindowControlData.h">
      <Filter>Header Files</Filter>
    </ClInclude>
    <ClInclude Include="SOPPrintReport.h">
      <Filter>Header Files</Filter>
    </ClInclude>
    <ClInclude Include="RecordingDescriptionDialog.h">
      <Filter>Header Files</Filter>
    </ClInclude>
    <ClInclude Include="ManageScenarioDlg.h">
      <Filter>Header Files</Filter>
    </ClInclude>
    <ClInclude Include="ScenarioFacade.h">
      <Filter>Header Files</Filter>
    </ClInclude>
    <ClInclude Include="ScenarioDefintion.h">
      <Filter>Header Files</Filter>
    </ClInclude>
    <ClInclude Include="PDFDocument.h">
      <Filter>Header Files</Filter>
    </ClInclude>
    <ClInclude Include="PDFSOPDoc.h">
      <Filter>Header Files</Filter>
    </ClInclude>
    <ClInclude Include="MaskImagePanel.h">
      <Filter>Header Files</Filter>
    </ClInclude>
    <ClInclude Include="SpyMaskData.h">
      <Filter>Header Files</Filter>
    </ClInclude>
    <ClInclude Include="SpyUrlData.h">
      <Filter>Header Files</Filter>
    </ClInclude>
    <ClInclude Include="KeyAnnotation.h">
      <Filter>Header Files</Filter>
    </ClInclude>
    <ClInclude Include="SpyCaptureScreen.h">
      <Filter>Header Files</Filter>
    </ClInclude>
    <ClInclude Include="EventCaptureURL.h">
      <Filter>Header Files</Filter>
    </ClInclude>
    <ClInclude Include="CaptureElementData.h">
      <Filter>Header Files</Filter>
    </ClInclude>
    <ClInclude Include="ElementData.h">
      <Filter>Header Files</Filter>
    </ClInclude>
    <ClInclude Include="TransparentWindow.h">
      <Filter>Header Files</Filter>
    </ClInclude>
  </ItemGroup>
  <ItemGroup>
    <ClCompile Include="ProcoanProcessDiscovery.cpp">
      <Filter>Source Files</Filter>
    </ClCompile>
    <ClCompile Include="PecanMainFrame.cpp">
      <Filter>Source Files</Filter>
    </ClCompile>
    <ClCompile Include="RecorderStartDlg.cpp">
      <Filter>Source Files</Filter>
    </ClCompile>
    <ClCompile Include="VideoEditorScreen.cpp">
      <Filter>Source Files</Filter>
    </ClCompile>
    <ClCompile Include="RecorderUI.cpp">
      <Filter>Source Files</Filter>
    </ClCompile>
    <ClCompile Include="wxImagePanel.cpp">
      <Filter>Source Files</Filter>
    </ClCompile>
    <ClCompile Include="ProcoanButton.cpp">
      <Filter>Source Files</Filter>
    </ClCompile>
    <ClCompile Include="SpyEditorScreen.cpp">
      <Filter>Source Files</Filter>
    </ClCompile>
    <ClCompile Include="MainWindowPanel.cpp">
      <Filter>Source Files</Filter>
    </ClCompile>
    <ClCompile Include="UIUtility.cpp">
      <Filter>Source Files</Filter>
    </ClCompile>
    <ClCompile Include="RecorderTitleBarPanel.cpp">
      <Filter>Source Files</Filter>
    </ClCompile>
    <ClCompile Include="RecorderInfoBarPanel.cpp">
      <Filter>Source Files</Filter>
    </ClCompile>
    <ClCompile Include="RecorderDisplayPanel.cpp">
      <Filter>Source Files</Filter>
    </ClCompile>
    <ClCompile Include="RecorderButtonBar.cpp">
      <Filter>Source Files</Filter>
    </ClCompile>
    <ClCompile Include="RecorderMinimizePanel.cpp">
      <Filter>Source Files</Filter>
    </ClCompile>
    <ClCompile Include="LEDDisplayPanel.cpp">
      <Filter>Source Files</Filter>
    </ClCompile>
    <ClCompile Include="AudioGauge.cpp">
      <Filter>Source Files</Filter>
    </ClCompile>
    <ClCompile Include="ConfigClass.cpp">
      <Filter>Source Files</Filter>
    </ClCompile>
    <ClCompile Include="DataFile.cpp">
      <Filter>Source Files</Filter>
    </ClCompile>
    <ClCompile Include="EventRecorder.cpp">
      <Filter>Source Files</Filter>
    </ClCompile>
    <ClCompile Include="ExecutionManager.cpp">
      <Filter>Source Files</Filter>
    </ClCompile>
    <ClCompile Include="json11.cpp">
      <Filter>Source Files</Filter>
    </ClCompile>
    <ClCompile Include="PecanSemaphore.cpp">
      <Filter>Source Files</Filter>
    </ClCompile>
    <ClCompile Include="pugixml.cpp">
      <Filter>Source Files</Filter>
    </ClCompile>
    <ClCompile Include="RecordBufferManager.cpp">
      <Filter>Source Files</Filter>
    </ClCompile>
    <ClCompile Include="RecorderDataFileManager.cpp">
      <Filter>Source Files</Filter>
    </ClCompile>
    <ClCompile Include="RecorderWindow.cpp">
      <Filter>Source Files</Filter>
    </ClCompile>
    <ClCompile Include="ScreenRecorder.cpp">
      <Filter>Source Files</Filter>
    </ClCompile>
    <ClCompile Include="Utility.cpp">
      <Filter>Source Files</Filter>
    </ClCompile>
    <ClCompile Include="WavDeviceList.cpp">
      <Filter>Source Files</Filter>
    </ClCompile>
    <ClCompile Include="WaveRecorder.cpp">
      <Filter>Source Files</Filter>
    </ClCompile>
    <ClCompile Include="RecStatusPanel.cpp">
      <Filter>Source Files</Filter>
    </ClCompile>
    <ClCompile Include="SliderPanel.cpp">
      <Filter>Source Files</Filter>
    </ClCompile>
    <ClCompile Include="PicControlPanel.cpp">
      <Filter>Source Files</Filter>
    </ClCompile>
    <ClCompile Include="PicButtonControlPanel.cpp">
      <Filter>Source Files</Filter>
    </ClCompile>
    <ClCompile Include="PlayerDataFileManager.cpp">
      <Filter>Source Files</Filter>
    </ClCompile>
    <ClCompile Include="ChannelDataMapping.cpp">
      <Filter>Source Files</Filter>
    </ClCompile>
    <ClCompile Include="BitmapMerge.cpp">
      <Filter>Source Files</Filter>
    </ClCompile>
    <ClCompile Include="FileContext.cpp">
      <Filter>Source Files</Filter>
    </ClCompile>
    <ClCompile Include="ResizeBitmap.cpp">
      <Filter>Source Files</Filter>
    </ClCompile>
    <ClCompile Include="AudioPlayerBuffer.cpp">
      <Filter>Source Files</Filter>
    </ClCompile>
    <ClCompile Include="BPMNDecision.cpp">
      <Filter>Source Files</Filter>
    </ClCompile>
    <ClCompile Include="BPMNDiagram.cpp">
      <Filter>Source Files</Filter>
    </ClCompile>
    <ClCompile Include="BPMNElement.cpp">
      <Filter>Source Files</Filter>
    </ClCompile>
    <ClCompile Include="BPMNFacade.cpp">
      <Filter>Source Files</Filter>
    </ClCompile>
    <ClCompile Include="BPMNStart.cpp">
      <Filter>Source Files</Filter>
    </ClCompile>
    <ClCompile Include="BPMNStop.cpp">
      <Filter>Source Files</Filter>
    </ClCompile>
    <ClCompile Include="BPMNSubProcess.cpp">
      <Filter>Source Files</Filter>
    </ClCompile>
    <ClCompile Include="BPMNTask.cpp">
      <Filter>Source Files</Filter>
    </ClCompile>
    <ClCompile Include="AnnotationRuleDefinitions.cpp">
      <Filter>Source Files</Filter>
    </ClCompile>
    <ClCompile Include="Parser.cpp">
      <Filter>Source Files</Filter>
    </ClCompile>
    <ClCompile Include="Expression.cpp">
      <Filter>Source Files</Filter>
    </ClCompile>
    <ClCompile Include="Tokenizer.cpp">
      <Filter>Source Files</Filter>
    </ClCompile>
    <ClCompile Include="WavePlayer.cpp">
      <Filter>Source Files</Filter>
    </ClCompile>
    <ClCompile Include="BPMNControlPanel.cpp">
      <Filter>Source Files</Filter>
    </ClCompile>
    <ClCompile Include="PictureDisplay.cpp">
      <Filter>Source Files</Filter>
    </ClCompile>
    <ClCompile Include="HorizScrollBarPanel.cpp">
      <Filter>Source Files</Filter>
    </ClCompile>
    <ClCompile Include="VertScrollBarPanel.cpp">
      <Filter>Source Files</Filter>
    </ClCompile>
    <ClCompile Include="BPMNDrawPanel.cpp">
      <Filter>Source Files</Filter>
    </ClCompile>
    <ClCompile Include="VideoSegmentClass.cpp">
      <Filter>Source Files</Filter>
    </ClCompile>
    <ClCompile Include="TimeDisplay.cpp">
      <Filter>Source Files</Filter>
    </ClCompile>
    <ClCompile Include="ActionTabPanel.cpp">
      <Filter>Source Files</Filter>
    </ClCompile>
    <ClCompile Include="SPDLogFile.cpp">
      <Filter>Source Files</Filter>
    </ClCompile>
    <ClCompile Include="stdafx.cpp">
      <Filter>Source Files</Filter>
    </ClCompile>
    <ClCompile Include="MainToolBarPanel.cpp">
      <Filter>Source Files</Filter>
    </ClCompile>
    <ClCompile Include="KeyState.cpp">
      <Filter>Source Files</Filter>
    </ClCompile>
    <ClCompile Include="WordReport\AppProps.cpp">
      <Filter>Source Files</Filter>
    </ClCompile>
    <ClCompile Include="WordReport\CoreProps.cpp">
      <Filter>Source Files</Filter>
    </ClCompile>
    <ClCompile Include="WordReport\DocumentBody.cpp">
      <Filter>Source Files</Filter>
    </ClCompile>
    <ClCompile Include="WordReport\DocXDocPart.cpp">
      <Filter>Source Files</Filter>
    </ClCompile>
    <ClCompile Include="WordReport\DocXTag.cpp">
      <Filter>Source Files</Filter>
    </ClCompile>
    <ClCompile Include="WordReport\DocXTagAttributes.cpp">
      <Filter>Source Files</Filter>
    </ClCompile>
    <ClCompile Include="WordReport\DrawingAnchor.cpp">
      <Filter>Source Files</Filter>
    </ClCompile>
    <ClCompile Include="WordReport\DrawingInline.cpp">
      <Filter>Source Files</Filter>
    </ClCompile>
    <ClCompile Include="WordReport\EndnotesDocument.cpp">
      <Filter>Source Files</Filter>
    </ClCompile>
    <ClCompile Include="WordReport\Font.cpp">
      <Filter>Source Files</Filter>
    </ClCompile>
    <ClCompile Include="WordReport\FontTableDoc.cpp">
      <Filter>Source Files</Filter>
    </ClCompile>
    <ClCompile Include="WordReport\Footer.cpp">
      <Filter>Source Files</Filter>
    </ClCompile>
    <ClCompile Include="WordReport\FootnotesDocument.cpp">
      <Filter>Source Files</Filter>
    </ClCompile>
    <ClCompile Include="WordReport\Header.cpp">
      <Filter>Source Files</Filter>
    </ClCompile>
    <ClCompile Include="WordReport\lodepng.cpp">
      <Filter>Source Files</Filter>
    </ClCompile>
    <ClCompile Include="WordReport\lodepng_util.cpp">
      <Filter>Source Files</Filter>
    </ClCompile>
    <ClCompile Include="WordReport\Numbering.cpp">
      <Filter>Source Files</Filter>
    </ClCompile>
    <ClCompile Include="WordReport\Paragraph.cpp">
      <Filter>Source Files</Filter>
    </ClCompile>
    <ClCompile Include="WordReport\ParagraphRun.cpp">
      <Filter>Source Files</Filter>
    </ClCompile>
    <ClCompile Include="WordReport\Settings.cpp">
      <Filter>Source Files</Filter>
    </ClCompile>
    <ClCompile Include="WordReport\SOPWordReport.cpp">
      <Filter>Source Files</Filter>
    </ClCompile>
    <ClCompile Include="WordReport\StyleDocument.cpp">
      <Filter>Source Files</Filter>
    </ClCompile>
    <ClCompile Include="WordReport\Table.cpp">
      <Filter>Source Files</Filter>
    </ClCompile>
    <ClCompile Include="WordReport\TableCell.cpp">
      <Filter>Source Files</Filter>
    </ClCompile>
    <ClCompile Include="WordReport\TableRow.cpp">
      <Filter>Source Files</Filter>
    </ClCompile>
    <ClCompile Include="WordReport\Theme1.cpp">
      <Filter>Source Files</Filter>
    </ClCompile>
    <ClCompile Include="WordReport\TOCsdt.cpp">
      <Filter>Source Files</Filter>
    </ClCompile>
    <ClCompile Include="WordReport\WebSettings.cpp">
      <Filter>Source Files</Filter>
    </ClCompile>
    <ClCompile Include="WordReport\WordDocument.cpp">
      <Filter>Source Files</Filter>
    </ClCompile>
    <ClCompile Include="WordReport\zip.c">
      <Filter>Source Files</Filter>
    </ClCompile>
    <ClCompile Include="ProcessDescriptionDialog.cpp">
      <Filter>Source Files</Filter>
    </ClCompile>
    <ClCompile Include="ProcessSummaryPanel.cpp">
      <Filter>Source Files</Filter>
    </ClCompile>
    <ClCompile Include="LicenseDlg.cpp">
      <Filter>Source Files</Filter>
    </ClCompile>
    <ClCompile Include="licenceUtil.cpp">
      <Filter>Source Files</Filter>
    </ClCompile>
    <ClCompile Include="lz4.c">
      <Filter>Source Files</Filter>
    </ClCompile>
    <ClCompile Include="InfoTabPanel.cpp">
      <Filter>Source Files</Filter>
    </ClCompile>
    <ClCompile Include="SPYDataFacade.cpp">
      <Filter>Source Files</Filter>
    </ClCompile>
    <ClCompile Include="SpyProcessData.cpp">
      <Filter>Source Files</Filter>
    </ClCompile>
    <ClCompile Include="SpyWindowData.cpp">
      <Filter>Source Files</Filter>
    </ClCompile>
    <ClCompile Include="ProcessWindowData.cpp">
      <Filter>Source Files</Filter>
    </ClCompile>
    <ClCompile Include="LineConnectionInfo.cpp">
      <Filter>Source Files</Filter>
    </ClCompile>
    <ClCompile Include="SpyControlData.cpp">
      <Filter>Source Files</Filter>
    </ClCompile>
    <ClCompile Include="SpyControlProxy.cpp">
      <Filter>Source Files</Filter>
    </ClCompile>
    <ClCompile Include="WindowControlData.cpp">
      <Filter>Source Files</Filter>
    </ClCompile>
    <ClCompile Include="SOPPrintReport.cpp">
      <Filter>Source Files</Filter>
    </ClCompile>
    <ClCompile Include="RecordingDescriptionDialog.cpp">
      <Filter>Source Files</Filter>
    </ClCompile>
    <ClCompile Include="ManageScenarioDlg.cpp">
      <Filter>Source Files</Filter>
    </ClCompile>
    <ClCompile Include="ScenarioFacade.cpp">
      <Filter>Source Files</Filter>
    </ClCompile>
    <ClCompile Include="ScenarioDefintion.cpp">
      <Filter>Source Files</Filter>
    </ClCompile>
    <ClCompile Include="PDFDocument.cpp">
      <Filter>Source Files</Filter>
    </ClCompile>
    <ClCompile Include="PDFSOPDoc.cpp">
      <Filter>Source Files</Filter>
    </ClCompile>
    <ClCompile Include="MaskImagePanel.cpp">
      <Filter>Source Files</Filter>
    </ClCompile>
    <ClCompile Include="SpyMaskData.cpp">
      <Filter>Source Files</Filter>
    </ClCompile>
    <ClCompile Include="SpyUrlData.cpp">
      <Filter>Source Files</Filter>
    </ClCompile>
    <ClCompile Include="SpyCaptureScreen.cpp">
      <Filter>Source Files</Filter>
    </ClCompile>
    <ClCompile Include="EventCaptureURL.cpp">
      <Filter>Source Files</Filter>
    </ClCompile>
    <ClCompile Include="CaptureElementData.cpp">
      <Filter>Source Files</Filter>
    </ClCompile>
    <ClCompile Include="ElementData.cpp">
      <Filter>Source Files</Filter>
    </ClCompile>
    <ClCompile Include="TransparentWindow.cpp">
      <Filter>Source Files</Filter>
    </ClCompile>
  </ItemGroup>
  <ItemGroup>
    <ResourceCompile Include="ProcoanProcessDiscovery.rc">
      <Filter>Resource Files</Filter>
    </ResourceCompile>
  </ItemGroup>
  <ItemGroup>
    <Image Include="small.ico">
      <Filter>Resource Files</Filter>
    </Image>
    <Image Include="ProcoanProcessDiscovery.ico">
      <Filter>Resource Files</Filter>
    </Image>
  </ItemGroup>
</Project>